// !$*UTF8*$!
{
	archiveVersion = 1;
	classes = {
	};
	objectVersion = 55;
	objects = {

/* Begin PBXBuildFile section */
		C2106E64284AABAF00195A7C /* MainViewController.swift in Sources */ = {isa = PBXBuildFile; fileRef = C2106E63284AABAF00195A7C /* MainViewController.swift */; };
		C2106E67284AB2B200195A7C /* TextField.swift in Sources */ = {isa = PBXBuildFile; fileRef = C2106E66284AB2B200195A7C /* TextField.swift */; };
		C2106E69284AB35500195A7C /* MainView.swift in Sources */ = {isa = PBXBuildFile; fileRef = C2106E68284AB35500195A7C /* MainView.swift */; };
		C2106E6B284AB7A400195A7C /* Button.swift in Sources */ = {isa = PBXBuildFile; fileRef = C2106E6A284AB7A400195A7C /* Button.swift */; };
		C2B96CBA284809A800F8BCE2 /* AppDelegate.swift in Sources */ = {isa = PBXBuildFile; fileRef = C2B96CB9284809A800F8BCE2 /* AppDelegate.swift */; };
		C2B96CBC284809A900F8BCE2 /* SceneDelegate.swift in Sources */ = {isa = PBXBuildFile; fileRef = C2B96CBB284809A900F8BCE2 /* SceneDelegate.swift */; };
		C2B96CC3284809AE00F8BCE2 /* Assets.xcassets in Resources */ = {isa = PBXBuildFile; fileRef = C2B96CC2284809AE00F8BCE2 /* Assets.xcassets */; };
		C2B96CC6284809AE00F8BCE2 /* LaunchScreen.storyboard in Resources */ = {isa = PBXBuildFile; fileRef = C2B96CC4284809AE00F8BCE2 /* LaunchScreen.storyboard */; };
		C2B96CCF28480AE000F8BCE2 /* FilesViewController.swift in Sources */ = {isa = PBXBuildFile; fileRef = C2B96CCE28480AE000F8BCE2 /* FilesViewController.swift */; };
		C2B96CDA2848187C00F8BCE2 /* FileManagerService.h in Headers */ = {isa = PBXBuildFile; fileRef = C2B96CD92848187C00F8BCE2 /* FileManagerService.h */; settings = {ATTRIBUTES = (Public, ); }; };
		C2B96CDD2848187C00F8BCE2 /* FileManagerService.framework in Frameworks */ = {isa = PBXBuildFile; fileRef = C2B96CD72848187C00F8BCE2 /* FileManagerService.framework */; };
		C2B96CDE2848187C00F8BCE2 /* FileManagerService.framework in Embed Frameworks */ = {isa = PBXBuildFile; fileRef = C2B96CD72848187C00F8BCE2 /* FileManagerService.framework */; settings = {ATTRIBUTES = (CodeSignOnCopy, RemoveHeadersOnCopy, ); }; };
		C2B96CE4284818C000F8BCE2 /* FileManagerService.swift in Sources */ = {isa = PBXBuildFile; fileRef = C2B96CE3284818C000F8BCE2 /* FileManagerService.swift */; };
/* End PBXBuildFile section */

/* Begin PBXContainerItemProxy section */
		C2B96CDB2848187C00F8BCE2 /* PBXContainerItemProxy */ = {
			isa = PBXContainerItemProxy;
			containerPortal = C2B96CAE284809A800F8BCE2 /* Project object */;
			proxyType = 1;
			remoteGlobalIDString = C2B96CD62848187C00F8BCE2;
			remoteInfo = FileManagerService;
		};
/* End PBXContainerItemProxy section */

/* Begin PBXCopyFilesBuildPhase section */
		C2B96CE22848187C00F8BCE2 /* Embed Frameworks */ = {
			isa = PBXCopyFilesBuildPhase;
			buildActionMask = 2147483647;
			dstPath = "";
			dstSubfolderSpec = 10;
			files = (
				C2B96CDE2848187C00F8BCE2 /* FileManagerService.framework in Embed Frameworks */,
			);
			name = "Embed Frameworks";
			runOnlyForDeploymentPostprocessing = 0;
		};
/* End PBXCopyFilesBuildPhase section */

/* Begin PBXFileReference section */
		C2106E63284AABAF00195A7C /* MainViewController.swift */ = {isa = PBXFileReference; lastKnownFileType = sourcecode.swift; path = MainViewController.swift; sourceTree = "<group>"; };
		C2106E66284AB2B200195A7C /* TextField.swift */ = {isa = PBXFileReference; lastKnownFileType = sourcecode.swift; path = TextField.swift; sourceTree = "<group>"; };
		C2106E68284AB35500195A7C /* MainView.swift */ = {isa = PBXFileReference; lastKnownFileType = sourcecode.swift; path = MainView.swift; sourceTree = "<group>"; };
		C2106E6A284AB7A400195A7C /* Button.swift */ = {isa = PBXFileReference; lastKnownFileType = sourcecode.swift; path = Button.swift; sourceTree = "<group>"; };
		C2B96CB6284809A800F8BCE2 /* FileManager.app */ = {isa = PBXFileReference; explicitFileType = wrapper.application; includeInIndex = 0; path = FileManager.app; sourceTree = BUILT_PRODUCTS_DIR; };
		C2B96CB9284809A800F8BCE2 /* AppDelegate.swift */ = {isa = PBXFileReference; lastKnownFileType = sourcecode.swift; path = AppDelegate.swift; sourceTree = "<group>"; };
		C2B96CBB284809A900F8BCE2 /* SceneDelegate.swift */ = {isa = PBXFileReference; lastKnownFileType = sourcecode.swift; path = SceneDelegate.swift; sourceTree = "<group>"; };
		C2B96CC2284809AE00F8BCE2 /* Assets.xcassets */ = {isa = PBXFileReference; lastKnownFileType = folder.assetcatalog; path = Assets.xcassets; sourceTree = "<group>"; };
		C2B96CC5284809AE00F8BCE2 /* Base */ = {isa = PBXFileReference; lastKnownFileType = file.storyboard; name = Base; path = Base.lproj/LaunchScreen.storyboard; sourceTree = "<group>"; };
		C2B96CC7284809AE00F8BCE2 /* Info.plist */ = {isa = PBXFileReference; lastKnownFileType = text.plist.xml; path = Info.plist; sourceTree = "<group>"; };
		C2B96CCE28480AE000F8BCE2 /* FilesViewController.swift */ = {isa = PBXFileReference; lastKnownFileType = sourcecode.swift; path = FilesViewController.swift; sourceTree = "<group>"; };
		C2B96CD72848187C00F8BCE2 /* FileManagerService.framework */ = {isa = PBXFileReference; explicitFileType = wrapper.framework; includeInIndex = 0; path = FileManagerService.framework; sourceTree = BUILT_PRODUCTS_DIR; };
		C2B96CD92848187C00F8BCE2 /* FileManagerService.h */ = {isa = PBXFileReference; lastKnownFileType = sourcecode.c.h; path = FileManagerService.h; sourceTree = "<group>"; };
		C2B96CE3284818C000F8BCE2 /* FileManagerService.swift */ = {isa = PBXFileReference; lastKnownFileType = sourcecode.swift; path = FileManagerService.swift; sourceTree = "<group>"; };
/* End PBXFileReference section */

/* Begin PBXFrameworksBuildPhase section */
		C2B96CB3284809A800F8BCE2 /* Frameworks */ = {
			isa = PBXFrameworksBuildPhase;
			buildActionMask = 2147483647;
			files = (
				C2B96CDD2848187C00F8BCE2 /* FileManagerService.framework in Frameworks */,
			);
			runOnlyForDeploymentPostprocessing = 0;
		};
		C2B96CD42848187C00F8BCE2 /* Frameworks */ = {
			isa = PBXFrameworksBuildPhase;
			buildActionMask = 2147483647;
			files = (
			);
			runOnlyForDeploymentPostprocessing = 0;
		};
/* End PBXFrameworksBuildPhase section */

/* Begin PBXGroup section */
		C2106E62284AAB8F00195A7C /* Main */ = {
			isa = PBXGroup;
			children = (
				C2106E63284AABAF00195A7C /* MainViewController.swift */,
				C2106E68284AB35500195A7C /* MainView.swift */,
			);
			path = Main;
			sourceTree = "<group>";
		};
		C2106E65284AB29500195A7C /* components */ = {
			isa = PBXGroup;
			children = (
				C2106E66284AB2B200195A7C /* TextField.swift */,
				C2106E6A284AB7A400195A7C /* Button.swift */,
			);
			path = components;
			sourceTree = "<group>";
		};
		C2B96CAD284809A800F8BCE2 = {
			isa = PBXGroup;
			children = (
				C2B96CB8284809A800F8BCE2 /* FileManager */,
				C2B96CD82848187C00F8BCE2 /* FileManagerService */,
				C2B96CB7284809A800F8BCE2 /* Products */,
			);
			sourceTree = "<group>";
		};
		C2B96CB7284809A800F8BCE2 /* Products */ = {
			isa = PBXGroup;
			children = (
				C2B96CB6284809A800F8BCE2 /* FileManager.app */,
				C2B96CD72848187C00F8BCE2 /* FileManagerService.framework */,
			);
			name = Products;
			sourceTree = "<group>";
		};
		C2B96CB8284809A800F8BCE2 /* FileManager */ = {
			isa = PBXGroup;
			children = (
				C2106E65284AB29500195A7C /* components */,
				C2B96CCD28480ACE00F8BCE2 /* Files */,
				C2106E62284AAB8F00195A7C /* Main */,
				C2B96CB9284809A800F8BCE2 /* AppDelegate.swift */,
				C2B96CBB284809A900F8BCE2 /* SceneDelegate.swift */,
				C2B96CC2284809AE00F8BCE2 /* Assets.xcassets */,
				C2B96CC4284809AE00F8BCE2 /* LaunchScreen.storyboard */,
				C2B96CC7284809AE00F8BCE2 /* Info.plist */,
			);
			path = FileManager;
			sourceTree = "<group>";
		};
		C2B96CCD28480ACE00F8BCE2 /* Files */ = {
			isa = PBXGroup;
			children = (
				C2B96CCE28480AE000F8BCE2 /* FilesViewController.swift */,
			);
			path = Files;
			sourceTree = "<group>";
		};
		C2B96CD82848187C00F8BCE2 /* FileManagerService */ = {
			isa = PBXGroup;
			children = (
				C2B96CD92848187C00F8BCE2 /* FileManagerService.h */,
				C2B96CE3284818C000F8BCE2 /* FileManagerService.swift */,
			);
			path = FileManagerService;
			sourceTree = "<group>";
		};
/* End PBXGroup section */

/* Begin PBXHeadersBuildPhase section */
		C2B96CD22848187C00F8BCE2 /* Headers */ = {
			isa = PBXHeadersBuildPhase;
			buildActionMask = 2147483647;
			files = (
				C2B96CDA2848187C00F8BCE2 /* FileManagerService.h in Headers */,
			);
			runOnlyForDeploymentPostprocessing = 0;
		};
/* End PBXHeadersBuildPhase section */

/* Begin PBXNativeTarget section */
		C2B96CB5284809A800F8BCE2 /* FileManager */ = {
			isa = PBXNativeTarget;
			buildConfigurationList = C2B96CCA284809AE00F8BCE2 /* Build configuration list for PBXNativeTarget "FileManager" */;
			buildPhases = (
				C2B96CB2284809A800F8BCE2 /* Sources */,
				C2B96CB3284809A800F8BCE2 /* Frameworks */,
				C2B96CB4284809A800F8BCE2 /* Resources */,
				C2B96CE22848187C00F8BCE2 /* Embed Frameworks */,
			);
			buildRules = (
			);
			dependencies = (
				C2B96CDC2848187C00F8BCE2 /* PBXTargetDependency */,
			);
			name = FileManager;
			productName = FileManager;
			productReference = C2B96CB6284809A800F8BCE2 /* FileManager.app */;
			productType = "com.apple.product-type.application";
		};
		C2B96CD62848187C00F8BCE2 /* FileManagerService */ = {
			isa = PBXNativeTarget;
			buildConfigurationList = C2B96CDF2848187C00F8BCE2 /* Build configuration list for PBXNativeTarget "FileManagerService" */;
			buildPhases = (
				C2B96CD22848187C00F8BCE2 /* Headers */,
				C2B96CD32848187C00F8BCE2 /* Sources */,
				C2B96CD42848187C00F8BCE2 /* Frameworks */,
				C2B96CD52848187C00F8BCE2 /* Resources */,
			);
			buildRules = (
			);
			dependencies = (
			);
			name = FileManagerService;
			productName = FileManagerService;
			productReference = C2B96CD72848187C00F8BCE2 /* FileManagerService.framework */;
			productType = "com.apple.product-type.framework";
		};
/* End PBXNativeTarget section */

/* Begin PBXProject section */
		C2B96CAE284809A800F8BCE2 /* Project object */ = {
			isa = PBXProject;
			attributes = {
				BuildIndependentTargetsInParallel = 1;
				LastSwiftUpdateCheck = 1340;
				LastUpgradeCheck = 1340;
				TargetAttributes = {
					C2B96CB5284809A800F8BCE2 = {
						CreatedOnToolsVersion = 13.4;
					};
					C2B96CD62848187C00F8BCE2 = {
						CreatedOnToolsVersion = 13.4;
						LastSwiftMigration = 1340;
					};
				};
			};
			buildConfigurationList = C2B96CB1284809A800F8BCE2 /* Build configuration list for PBXProject "FileManager" */;
			compatibilityVersion = "Xcode 13.0";
			developmentRegion = en;
			hasScannedForEncodings = 0;
			knownRegions = (
				en,
				Base,
			);
			mainGroup = C2B96CAD284809A800F8BCE2;
			productRefGroup = C2B96CB7284809A800F8BCE2 /* Products */;
			projectDirPath = "";
			projectRoot = "";
			targets = (
				C2B96CB5284809A800F8BCE2 /* FileManager */,
				C2B96CD62848187C00F8BCE2 /* FileManagerService */,
			);
		};
/* End PBXProject section */

/* Begin PBXResourcesBuildPhase section */
		C2B96CB4284809A800F8BCE2 /* Resources */ = {
			isa = PBXResourcesBuildPhase;
			buildActionMask = 2147483647;
			files = (
				C2B96CC6284809AE00F8BCE2 /* LaunchScreen.storyboard in Resources */,
				C2B96CC3284809AE00F8BCE2 /* Assets.xcassets in Resources */,
			);
			runOnlyForDeploymentPostprocessing = 0;
		};
		C2B96CD52848187C00F8BCE2 /* Resources */ = {
			isa = PBXResourcesBuildPhase;
			buildActionMask = 2147483647;
			files = (
			);
			runOnlyForDeploymentPostprocessing = 0;
		};
/* End PBXResourcesBuildPhase section */

/* Begin PBXSourcesBuildPhase section */
		C2B96CB2284809A800F8BCE2 /* Sources */ = {
			isa = PBXSourcesBuildPhase;
			buildActionMask = 2147483647;
			files = (
				C2106E6B284AB7A400195A7C /* Button.swift in Sources */,
				C2B96CBA284809A800F8BCE2 /* AppDelegate.swift in Sources */,
				C2106E69284AB35500195A7C /* MainView.swift in Sources */,
				C2B96CBC284809A900F8BCE2 /* SceneDelegate.swift in Sources */,
				C2B96CCF28480AE000F8BCE2 /* FilesViewController.swift in Sources */,
				C2106E67284AB2B200195A7C /* TextField.swift in Sources */,
				C2106E64284AABAF00195A7C /* MainViewController.swift in Sources */,
			);
			runOnlyForDeploymentPostprocessing = 0;
		};
		C2B96CD32848187C00F8BCE2 /* Sources */ = {
			isa = PBXSourcesBuildPhase;
			buildActionMask = 2147483647;
			files = (
				C2B96CE4284818C000F8BCE2 /* FileManagerService.swift in Sources */,
			);
			runOnlyForDeploymentPostprocessing = 0;
		};
/* End PBXSourcesBuildPhase section */

/* Begin PBXTargetDependency section */
		C2B96CDC2848187C00F8BCE2 /* PBXTargetDependency */ = {
			isa = PBXTargetDependency;
			target = C2B96CD62848187C00F8BCE2 /* FileManagerService */;
			targetProxy = C2B96CDB2848187C00F8BCE2 /* PBXContainerItemProxy */;
		};
/* End PBXTargetDependency section */

/* Begin PBXVariantGroup section */
		C2B96CC4284809AE00F8BCE2 /* LaunchScreen.storyboard */ = {
			isa = PBXVariantGroup;
			children = (
				C2B96CC5284809AE00F8BCE2 /* Base */,
			);
			name = LaunchScreen.storyboard;
			sourceTree = "<group>";
		};
/* End PBXVariantGroup section */

/* Begin XCBuildConfiguration section */
		C2B96CC8284809AE00F8BCE2 /* Debug */ = {
			isa = XCBuildConfiguration;
			buildSettings = {
				ALWAYS_SEARCH_USER_PATHS = NO;
				CLANG_ANALYZER_NONNULL = YES;
				CLANG_ANALYZER_NUMBER_OBJECT_CONVERSION = YES_AGGRESSIVE;
				CLANG_CXX_LANGUAGE_STANDARD = "gnu++17";
				CLANG_ENABLE_MODULES = YES;
				CLANG_ENABLE_OBJC_ARC = YES;
				CLANG_ENABLE_OBJC_WEAK = YES;
				CLANG_WARN_BLOCK_CAPTURE_AUTORELEASING = YES;
				CLANG_WARN_BOOL_CONVERSION = YES;
				CLANG_WARN_COMMA = YES;
				CLANG_WARN_CONSTANT_CONVERSION = YES;
				CLANG_WARN_DEPRECATED_OBJC_IMPLEMENTATIONS = YES;
				CLANG_WARN_DIRECT_OBJC_ISA_USAGE = YES_ERROR;
				CLANG_WARN_DOCUMENTATION_COMMENTS = YES;
				CLANG_WARN_EMPTY_BODY = YES;
				CLANG_WARN_ENUM_CONVERSION = YES;
				CLANG_WARN_INFINITE_RECURSION = YES;
				CLANG_WARN_INT_CONVERSION = YES;
				CLANG_WARN_NON_LITERAL_NULL_CONVERSION = YES;
				CLANG_WARN_OBJC_IMPLICIT_RETAIN_SELF = YES;
				CLANG_WARN_OBJC_LITERAL_CONVERSION = YES;
				CLANG_WARN_OBJC_ROOT_CLASS = YES_ERROR;
				CLANG_WARN_QUOTED_INCLUDE_IN_FRAMEWORK_HEADER = YES;
				CLANG_WARN_RANGE_LOOP_ANALYSIS = YES;
				CLANG_WARN_STRICT_PROTOTYPES = YES;
				CLANG_WARN_SUSPICIOUS_MOVE = YES;
				CLANG_WARN_UNGUARDED_AVAILABILITY = YES_AGGRESSIVE;
				CLANG_WARN_UNREACHABLE_CODE = YES;
				CLANG_WARN__DUPLICATE_METHOD_MATCH = YES;
				COPY_PHASE_STRIP = NO;
				DEBUG_INFORMATION_FORMAT = dwarf;
				ENABLE_STRICT_OBJC_MSGSEND = YES;
				ENABLE_TESTABILITY = YES;
				GCC_C_LANGUAGE_STANDARD = gnu11;
				GCC_DYNAMIC_NO_PIC = NO;
				GCC_NO_COMMON_BLOCKS = YES;
				GCC_OPTIMIZATION_LEVEL = 0;
				GCC_PREPROCESSOR_DEFINITIONS = (
					"DEBUG=1",
					"$(inherited)",
				);
				GCC_WARN_64_TO_32_BIT_CONVERSION = YES;
				GCC_WARN_ABOUT_RETURN_TYPE = YES_ERROR;
				GCC_WARN_UNDECLARED_SELECTOR = YES;
				GCC_WARN_UNINITIALIZED_AUTOS = YES_AGGRESSIVE;
				GCC_WARN_UNUSED_FUNCTION = YES;
				GCC_WARN_UNUSED_VARIABLE = YES;
				IPHONEOS_DEPLOYMENT_TARGET = 15.5;
				MTL_ENABLE_DEBUG_INFO = INCLUDE_SOURCE;
				MTL_FAST_MATH = YES;
				ONLY_ACTIVE_ARCH = YES;
				SDKROOT = iphoneos;
				SWIFT_ACTIVE_COMPILATION_CONDITIONS = DEBUG;
				SWIFT_OPTIMIZATION_LEVEL = "-Onone";
			};
			name = Debug;
		};
		C2B96CC9284809AE00F8BCE2 /* Release */ = {
			isa = XCBuildConfiguration;
			buildSettings = {
				ALWAYS_SEARCH_USER_PATHS = NO;
				CLANG_ANALYZER_NONNULL = YES;
				CLANG_ANALYZER_NUMBER_OBJECT_CONVERSION = YES_AGGRESSIVE;
				CLANG_CXX_LANGUAGE_STANDARD = "gnu++17";
				CLANG_ENABLE_MODULES = YES;
				CLANG_ENABLE_OBJC_ARC = YES;
				CLANG_ENABLE_OBJC_WEAK = YES;
				CLANG_WARN_BLOCK_CAPTURE_AUTORELEASING = YES;
				CLANG_WARN_BOOL_CONVERSION = YES;
				CLANG_WARN_COMMA = YES;
				CLANG_WARN_CONSTANT_CONVERSION = YES;
				CLANG_WARN_DEPRECATED_OBJC_IMPLEMENTATIONS = YES;
				CLANG_WARN_DIRECT_OBJC_ISA_USAGE = YES_ERROR;
				CLANG_WARN_DOCUMENTATION_COMMENTS = YES;
				CLANG_WARN_EMPTY_BODY = YES;
				CLANG_WARN_ENUM_CONVERSION = YES;
				CLANG_WARN_INFINITE_RECURSION = YES;
				CLANG_WARN_INT_CONVERSION = YES;
				CLANG_WARN_NON_LITERAL_NULL_CONVERSION = YES;
				CLANG_WARN_OBJC_IMPLICIT_RETAIN_SELF = YES;
				CLANG_WARN_OBJC_LITERAL_CONVERSION = YES;
				CLANG_WARN_OBJC_ROOT_CLASS = YES_ERROR;
				CLANG_WARN_QUOTED_INCLUDE_IN_FRAMEWORK_HEADER = YES;
				CLANG_WARN_RANGE_LOOP_ANALYSIS = YES;
				CLANG_WARN_STRICT_PROTOTYPES = YES;
				CLANG_WARN_SUSPICIOUS_MOVE = YES;
				CLANG_WARN_UNGUARDED_AVAILABILITY = YES_AGGRESSIVE;
				CLANG_WARN_UNREACHABLE_CODE = YES;
				CLANG_WARN__DUPLICATE_METHOD_MATCH = YES;
				COPY_PHASE_STRIP = NO;
				DEBUG_INFORMATION_FORMAT = "dwarf-with-dsym";
				ENABLE_NS_ASSERTIONS = NO;
				ENABLE_STRICT_OBJC_MSGSEND = YES;
				GCC_C_LANGUAGE_STANDARD = gnu11;
				GCC_NO_COMMON_BLOCKS = YES;
				GCC_WARN_64_TO_32_BIT_CONVERSION = YES;
				GCC_WARN_ABOUT_RETURN_TYPE = YES_ERROR;
				GCC_WARN_UNDECLARED_SELECTOR = YES;
				GCC_WARN_UNINITIALIZED_AUTOS = YES_AGGRESSIVE;
				GCC_WARN_UNUSED_FUNCTION = YES;
				GCC_WARN_UNUSED_VARIABLE = YES;
				IPHONEOS_DEPLOYMENT_TARGET = 15.5;
				MTL_ENABLE_DEBUG_INFO = NO;
				MTL_FAST_MATH = YES;
				SDKROOT = iphoneos;
				SWIFT_COMPILATION_MODE = wholemodule;
				SWIFT_OPTIMIZATION_LEVEL = "-O";
				VALIDATE_PRODUCT = YES;
			};
			name = Release;
		};
		C2B96CCB284809AE00F8BCE2 /* Debug */ = {
			isa = XCBuildConfiguration;
			buildSettings = {
				ALWAYS_EMBED_SWIFT_STANDARD_LIBRARIES = YES;
				ASSETCATALOG_COMPILER_APPICON_NAME = AppIcon;
				ASSETCATALOG_COMPILER_GLOBAL_ACCENT_COLOR_NAME = AccentColor;
				CODE_SIGN_STYLE = Automatic;
				CURRENT_PROJECT_VERSION = 1;
				DEVELOPMENT_TEAM = 693VEXZB54;
				GENERATE_INFOPLIST_FILE = YES;
				INFOPLIST_FILE = FileManager/Info.plist;
				INFOPLIST_KEY_UIApplicationSupportsIndirectInputEvents = YES;
				INFOPLIST_KEY_UILaunchStoryboardName = LaunchScreen;
				INFOPLIST_KEY_UISupportedInterfaceOrientations_iPad = "UIInterfaceOrientationPortrait UIInterfaceOrientationPortraitUpsideDown UIInterfaceOrientationLandscapeLeft UIInterfaceOrientationLandscapeRight";
				INFOPLIST_KEY_UISupportedInterfaceOrientations_iPhone = "UIInterfaceOrientationPortrait UIInterfaceOrientationLandscapeLeft UIInterfaceOrientationLandscapeRight";
				LD_RUNPATH_SEARCH_PATHS = (
					"$(inherited)",
					"@executable_path/Frameworks",
				);
				MARKETING_VERSION = 1.0;
				PRODUCT_BUNDLE_IDENTIFIER = bodasooqa.FileManager;
				PRODUCT_NAME = "$(TARGET_NAME)";
				SWIFT_EMIT_LOC_STRINGS = YES;
				SWIFT_VERSION = 5.0;
				TARGETED_DEVICE_FAMILY = 1;
			};
			name = Debug;
		};
		C2B96CCC284809AE00F8BCE2 /* Release */ = {
			isa = XCBuildConfiguration;
			buildSettings = {
				ALWAYS_EMBED_SWIFT_STANDARD_LIBRARIES = YES;
				ASSETCATALOG_COMPILER_APPICON_NAME = AppIcon;
				ASSETCATALOG_COMPILER_GLOBAL_ACCENT_COLOR_NAME = AccentColor;
				CODE_SIGN_STYLE = Automatic;
				CURRENT_PROJECT_VERSION = 1;
				DEVELOPMENT_TEAM = 693VEXZB54;
				GENERATE_INFOPLIST_FILE = YES;
				INFOPLIST_FILE = FileManager/Info.plist;
				INFOPLIST_KEY_UIApplicationSupportsIndirectInputEvents = YES;
				INFOPLIST_KEY_UILaunchStoryboardName = LaunchScreen;
				INFOPLIST_KEY_UISupportedInterfaceOrientations_iPad = "UIInterfaceOrientationPortrait UIInterfaceOrientationPortraitUpsideDown UIInterfaceOrientationLandscapeLeft UIInterfaceOrientationLandscapeRight";
				INFOPLIST_KEY_UISupportedInterfaceOrientations_iPhone = "UIInterfaceOrientationPortrait UIInterfaceOrientationLandscapeLeft UIInterfaceOrientationLandscapeRight";
				LD_RUNPATH_SEARCH_PATHS = (
					"$(inherited)",
					"@executable_path/Frameworks",
				);
				MARKETING_VERSION = 1.0;
				PRODUCT_BUNDLE_IDENTIFIER = bodasooqa.FileManager;
				PRODUCT_NAME = "$(TARGET_NAME)";
				SWIFT_EMIT_LOC_STRINGS = YES;
				SWIFT_VERSION = 5.0;
				TARGETED_DEVICE_FAMILY = 1;
			};
			name = Release;
		};
		C2B96CE02848187C00F8BCE2 /* Debug */ = {
			isa = XCBuildConfiguration;
			buildSettings = {
				CLANG_ENABLE_MODULES = YES;
				CODE_SIGN_STYLE = Automatic;
				CURRENT_PROJECT_VERSION = 1;
				DEFINES_MODULE = YES;
				DYLIB_COMPATIBILITY_VERSION = 1;
				DYLIB_CURRENT_VERSION = 1;
				DYLIB_INSTALL_NAME_BASE = "@rpath";
				GENERATE_INFOPLIST_FILE = YES;
				INFOPLIST_KEY_NSHumanReadableCopyright = "";
				INSTALL_PATH = "$(LOCAL_LIBRARY_DIR)/Frameworks";
				LD_RUNPATH_SEARCH_PATHS = (
					"$(inherited)",
					"@executable_path/Frameworks",
					"@loader_path/Frameworks",
				);
				MARKETING_VERSION = 1.0;
				PRODUCT_BUNDLE_IDENTIFIER = bodasooqa.FileManagerService;
				PRODUCT_NAME = "$(TARGET_NAME:c99extidentifier)";
				SKIP_INSTALL = YES;
				SUPPORTS_MACCATALYST = NO;
				SWIFT_EMIT_LOC_STRINGS = YES;
				SWIFT_OPTIMIZATION_LEVEL = "-Onone";
				SWIFT_VERSION = 5.0;
				TARGETED_DEVICE_FAMILY = 1;
				VERSIONING_SYSTEM = "apple-generic";
				VERSION_INFO_PREFIX = "";
			};
			name = Debug;
		};
		C2B96CE12848187C00F8BCE2 /* Release */ = {
			isa = XCBuildConfiguration;
			buildSettings = {
				CLANG_ENABLE_MODULES = YES;
				CODE_SIGN_STYLE = Automatic;
				CURRENT_PROJECT_VERSION = 1;
				DEFINES_MODULE = YES;
				DYLIB_COMPATIBILITY_VERSION = 1;
				DYLIB_CURRENT_VERSION = 1;
				DYLIB_INSTALL_NAME_BASE = "@rpath";
				GENERATE_INFOPLIST_FILE = YES;
				INFOPLIST_KEY_NSHumanReadableCopyright = "";
				INSTALL_PATH = "$(LOCAL_LIBRARY_DIR)/Frameworks";
				LD_RUNPATH_SEARCH_PATHS = (
					"$(inherited)",
					"@executable_path/Frameworks",
					"@loader_path/Frameworks",
				);
				MARKETING_VERSION = 1.0;
				PRODUCT_BUNDLE_IDENTIFIER = bodasooqa.FileManagerService;
				PRODUCT_NAME = "$(TARGET_NAME:c99extidentifier)";
				SKIP_INSTALL = YES;
				SUPPORTS_MACCATALYST = NO;
				SWIFT_EMIT_LOC_STRINGS = YES;
				SWIFT_VERSION = 5.0;
				TARGETED_DEVICE_FAMILY = 1;
				VERSIONING_SYSTEM = "apple-generic";
				VERSION_INFO_PREFIX = "";
			};
			name = Release;
		};
/* End XCBuildConfiguration section */

/* Begin XCConfigurationList section */
		C2B96CB1284809A800F8BCE2 /* Build configuration list for PBXProject "FileManager" */ = {
			isa = XCConfigurationList;
			buildConfigurations = (
				C2B96CC8284809AE00F8BCE2 /* Debug */,
				C2B96CC9284809AE00F8BCE2 /* Release */,
			);
			defaultConfigurationIsVisible = 0;
			defaultConfigurationName = Release;
		};
		C2B96CCA284809AE00F8BCE2 /* Build configuration list for PBXNativeTarget "FileManager" */ = {
			isa = XCConfigurationList;
			buildConfigurations = (
				C2B96CCB284809AE00F8BCE2 /* Debug */,
				C2B96CCC284809AE00F8BCE2 /* Release */,
			);
			defaultConfigurationIsVisible = 0;
			defaultConfigurationName = Release;
		};
		C2B96CDF2848187C00F8BCE2 /* Build configuration list for PBXNativeTarget "FileManagerService" */ = {
			isa = XCConfigurationList;
			buildConfigurations = (
				C2B96CE02848187C00F8BCE2 /* Debug */,
				C2B96CE12848187C00F8BCE2 /* Release */,
			);
			defaultConfigurationIsVisible = 0;
			defaultConfigurationName = Release;
		};
/* End XCConfigurationList section */
	};
	rootObject = C2B96CAE284809A800F8BCE2 /* Project object */;
}
